# Same versions as selected vLLM tools/jovian_wheel_release/build-requirements.lock.
# Only cmake and ninja wheel hashes are replaced with ARM64 distribution hashes.
cmake==3.31.6 --hash=sha256:42d9883b8958da285d53d5f69d40d9650c2d1bcf922d82b3ebdceb2b3a7d4521
jinja2==3.1.6 --hash=sha256:85ece4451f492d0c13c5dd7c13a64681a86afae63a5f347908daf103ce6d2f67
ninja==1.13.0 --hash=sha256:3d00c692fb717fd511abeb44b8c5d00340c36938c12d6538ba989fe764e79630
packaging==26.2 --hash=sha256:5fc45236b9446107ff2415ce77c807cee2862cb6fac22b8a73826d0693b0980e
semantic-version==2.10.0 --hash=sha256:bdabb6d336998cbb378d4b9db3a4b56a1e3235701dc05ea2690d9a997ed5041c
setuptools==80.10.2 --hash=sha256:95b30ddfb717250edb492926c92b5221f7ef3fbcc2b07579bcd4a27da21d0173
setuptools-rust==1.13.0 --hash=sha256:666439c4d90e968bb625bcf87ec0aa02b4f49e599d2f5dc255c633a04e8eca99
setuptools-scm==10.2.1 --hash=sha256:b7c82f4102d389ee57dc66ccdb4f9b4bca3c40ba83b43f1f63d68ccd72db2580
vcs-versioning==2.3.1 --hash=sha256:806635bd0ea653c96af98a70624be758d408a989f2cd0b390e63474d99f96b63
wheel==0.47.0 --hash=sha256:212281cab4dff978f6cedd499cd893e1f620791ca6ff7107cf270781e587eced
