format=local-inference-source-lock/v1
implementation.status=implemented
qualification.contract=See evidence for the resulting immutable image
release.name=jovian-judgement-community-20260914-r38
release.version=r38
runtime.base.image=voipmonitor/vllm@sha256:93ac5228f1cbde2182ca294d8b479259144742af2756a49ff207dd245429bf43
runtime.cuda.version=13.3
runtime.pytorch.version=2.13.0
runtime.liburing.version=2.5
runtime.liburing.package.version=2.5-1build1
runtime.rootfs.layers=2
runtime.cudagraph.mode=FULL_AND_PIECEWISE
runtime.ds41.breakable-prefill.default=0
runtime.moe-backend.default=b12x
runtime.scheduler.max-num-batched-tokens=4096
runtime.scheduler.prefill-compute-share=0.4
runtime.nccl.channels=16
runtime.nccl.buffer.bytes=2097152
runtime.recurrent-checkpoint-policy=auto
lmcache.native.artifact.image=localinferencelab/vllm@sha256:3ae04d964f8e7e936ef4b34dd75406b9169fead8062fb8b4b1634f3bbf512827
lmcache.native.mode=reuse-all
runtime.lmcache.transfer=engine-driven asynchronous shared memory
runtime.lmcache.checkpoints=atomic target and draft bundles for request_boundaries; independent chunks for explicit aligned
model.repository=local-inference-lab/GLM-5.3-Flash-NVFP4
draft.repository=local-inference-lab/GLM-5.3-Flash-DFlash2
draft.quantization=MXFP8
vllm.repository=https://github.com/local-inference-lab/vllm.git
vllm.commit=66c293578412417476f842c1da5805d3a3d959a8
vllm.tree=301dddf6d8fd2393aeac4d68e3a954d19911507f
vllm.package.tree=37b3906a7fa606b9e30480455500d8e30d999eda
vllm.bundle.sha256=aeac71e1ae396142467caffcca7b8594bbe8b855fbb10f949018467a0da2179e
b12x.repository=https://github.com/local-inference-lab/b12x.git
b12x.commit=ce419b52681b7922bb0972d4b58b590a3fd005b2
b12x.tree=6abad73444018f7ce1f0bdc3f0992649a4c21722
b12x.package.tree=c9ef6afbf92274069cd9f3eff9fc7dbc866d5734
b12x.bundle.sha256=8bdc139b9899c6330419e8f45446056389c4d4fcd6143e60d8e0c89c0298be26
lmcache.repository=https://github.com/local-inference-lab/LMCache.git
lmcache.commit=29bc5a2efde737c436b04499eb62cd1776cebeec
lmcache.tree=5a88a1ea9d2627c76288d056e7193f7454669b64
lmcache.package.tree=e7c1cc7b6969d2677d7fb0c88254f9021f252020
lmcache.bundle.sha256=c581ce2b14ed4037a5143b31835cd3e70919f1e32317d46285ffac6d141450b3
lmcache.version=0.5.5.dev0+glm53checkpoints.29bc5a2e
vllm.version=0.26.1rc0+glm53.r38.vllm66c29357
flashkda.base.commit=3b225bf26bb8e218928a1fe14751cb48cf31d11b
flashkda.patch.sha256=a9537532cf231babc942fa592666893268ca0617b24daeb8e78d3249e8c1d58a
flashkda.extension.sha256=3bb6ef2c9f0be24b2c6ae8a48eb20b53f28e632ed9cb45a32c7c0133f8cfde91
vllm.native.csrc.tree=b0ef9c9361a4b22d6f90840192210a9d0c1e5049
vllm.native.cmake.tree=5273499598e0571f12e325130239cb70626d0c63
vllm.native.cmakelists.blob=a8e8dab2e78654aee761a512b7dd0706d6c52d18
vllm.native.extension.sha256=e4fcbe4676b9d426f94ef1d51b8a2d851ac8acbad3ddc4094bfd139bb9466d2d
vllm.native.identity.sha256=4c63e511b802bab261bb48ce6ac01757382f44a5bc1d0ead0dddc6fbe5edf1c2
flashinfer.commit=803c4664f4771ddc418f20a57f752469a237a825
flashinfer.artifact.image=voipmonitor/vllm@sha256:79edbc91874d9468e3e6268e1584503e3dec55f2a4d3bdd70d5c43e9b41675c7
flashinfer.python.wheel.sha256=3a5b1143d8b933d71881c2d71a2c0677360528344813be1893bafa9f335affea
flashinfer.jit-cache.wheel.sha256=9d08679e4ba3cc7c49c5f8035268b7958e9c4d8c7a5e8cd842211da46007809f
launcher.lmcache.sha256=d05039024fab07438d873f5660b5d9a78e9df91f809df982e86a3f2862e16fc6
input.Dockerfile.glm53-cache-contracts.sha256=7b04b4dc221f0f7c9f52d96004405b46d828c715182a63b8be0d53fc3c106801
input.build_glm53_cache_contract_image.sh.sha256=d1b94b1da30c9eb4f8195bd8ad5455f0fb1839c4db202fb599ae3e0653813600
input.source_locked_image_labels.py.sha256=0c19c87a534a869cce0d8a9c0c5138ac888773fc755ca48b2d75eabc4b9b52f3
input.install_source_bundle.sh.sha256=d18c4b49acc40722b439a0838240c5a03c5df5b799027cd3c9c141fb78395613
input.pack_lmcache_native_reuse.py.sha256=2099c99c098a3fef4fccc4c49d2cc067c46b4c2ccf62940ed58bc5bab0ad81f9
input.install_glm53_source_locked.sh.sha256=828aaedc113e0affda92bac35f8c15a057967aa97cb8a2715a6e8963aef78617
input.install_vllm_source_version.py.sha256=e58fd3034aaf339d5df9ab5581ce18fd18bb75d4aeca8dcbc31bef2c1353b101
input.install_dependency_python_patches.py.sha256=ae3ca1272c79d1f36dc8758b676dec47d3a95bdc2e78b01cc7672f1f4ce4d067
input.dependency-python-patches.json.sha256=ef77bc52553a8d69bbb2215822fcbc52b45b18a8839ac0697a562e25d6655a1e
input.torch-schema-enumeration.patch.sha256=8ff8a4b59e2aba45b5792dbf8232259e1a3eded926c4849b69ed38c3acd3a0a3
input.torch-mutable-argument-metadata.patch.sha256=e0fb907364eb38f278b853dd7c59007649e95a9273196357383adb153721ec2e
input.cutlass-sentinel-identity.patch.sha256=e49fa3e768eb9468020f5e9bfe115b2177ae7fc1c747c23defffe669c3ae2a9f
input.serve-ds4-jovian.sh.sha256=25880128204da85c21533793faea54ec232fba112ec09f70c6083ac1dbdbc4b0
input.serve-ds41-jovian.sh.sha256=deeef545ee49e1c674883c07c9eea489520c58987f693c3e268f2988cbab9243
input.Dockerfile.jovian-stable-native.sha256=d0df8994d6457ebc452c321ba23b1041ce03c17ca57b5139d4f41127c6c1c767
input.build_jovian_stable_native.py.sha256=15027a1c7ebb6dca52c218a7d0560edda3e5c71eea2ffe26d3682a9ed62c5935
input.serve-glm53-flash-nvfp4-dflash2.sh.sha256=e1cdfc4cf159efb7834f4382d9d9643d9f680e7bd3ace3e5afb23426dd979c1f
input.serve-glm53-flash-nvfp4-dflash2-scheduler-qos.sh.sha256=a0c85248789942cf56315790fe389d220c4913e9a504573c8e946537de0d34d2
input.serve-glm53-flash-lmcache.sh.sha256=8a4bf8310ed4816c5f629eb2392705f5142b618d877cbf6e1af9184cf6740be6
input.serve-glm53-flash-lmcache-cache-complete.sh.sha256=760ad0f9d9007b960a6679d404aae58cc0018c8b400b828bbed36644af300056
input.serve-glm53-flash-cache-complete.sh.sha256=c47affcb1167d8b8606d2f3459054bdacb079fda4bf6d2b413e02a1e22ba1044
input.glm53_checkpoint_identity.py.sha256=b5d259c38bf844d4da6a1a9d905a0e8983f586a8dc550b138d8cdf070c02f499
input.glm53-r18-lmcache-runtime-requirements.txt.sha256=7ac402540e2ba3f02fc1a443934ef3ff6e2e10c8ff81ae989e3958cfff38adf7
dependency.python.torch-schema-enumeration.path=usr/local/lib/python3.12/dist-packages/torch/_library/utils.py
dependency.python.torch-schema-enumeration.before_sha256=e0db5e8977c2775443a46bd2f251cf07087863ed301b6fbb76d006a0cf0ef854
dependency.python.torch-schema-enumeration.after_sha256=7e694fb5c280d4cb671415d6b14a6975f9ed42c8fb3c9907e93c1a3d57493e64
dependency.python.torch-schema-enumeration.attribution=Equivalent backport of yingru's linear schema expansion, pytorch/pytorch#195110 (7a1a695c903d583f4d1e55b08eeacd2dc5a4238a); enumeration spelling retained from serving qualification.
dependency.python.torch-mutable-argument-metadata.path=usr/local/lib/python3.12/dist-packages/torch/_library/custom_ops.py
dependency.python.torch-mutable-argument-metadata.before_sha256=8480c54e3645915a8062ee96d558e4ee7387a3cf9d52d644551e8147063dfc90
dependency.python.torch-mutable-argument-metadata.after_sha256=aabff0867064a80dda974986ea3a31659105e3020248562f1de1cf89daf759cc
dependency.python.torch-mutable-argument-metadata.attribution=Martin Vit with OpenAI Codex assistance; immutable mutation metadata over PyTorch cf30153c4c131c8164ee7798e5022d810682e2cb.
dependency.python.cutlass-sentinel-identity.path=opt/venv/lib/python3.12/site-packages/nvidia_cutlass_dsl/dsl_packages/cutlass/base_dsl/jit_executor.py
dependency.python.cutlass-sentinel-identity.before_sha256=1c2f992e7ffd574ef2c3f6ad2af48f3e7c182e9d3feff8ec1a363f8747fcef20
dependency.python.cutlass-sentinel-identity.after_sha256=a36eea9adcb75546aa5a373809581772234d13392df74a9f4854291e0e9e4221
dependency.python.cutlass-sentinel-identity.attribution=Martin Vit with OpenAI Codex assistance; identify unbound argument slots by sentinel identity.
build.uv.sha256=9a4299a0c3bcc01012acbcdae7b5655e5087e0e5d87459306736a1420a902b81
runtime.cache.fingerprint=cu133-torch213-glm53-vllm37b3906a-b12xc9ef6afb-lmcachee7c1cc7b-flashkda3bb6ef2c-nativee4fcbe46-fi803c4664-pyef77bc52
