nvidia-cutlass-dsl==4.7.1 --hash=sha256:765850c74868a0b5a02fefbfc1b380842b64e5f7a1c8b1655e322a3b14c01726
nvidia-cutlass-dsl-libs-base==4.7.1 --hash=sha256:e86c55a5010a7edfc067648a75cb29d0c5bd67d75210168cf507b0d0e4d15ba7
nvidia-cutlass-dsl-libs-core==4.7.1 --hash=sha256:c65662abc9ab18fd997c57547895736928e559f4624bbe2aa1aa91418ea014ca
nvidia-cutlass-dsl-libs-cu12==4.7.1 --hash=sha256:f57a3955c17b7dcd5472aa47c46513e5f3914e1325fc308afca1b9063a8f897b
nvidia-cutlass-dsl-libs-cu13==4.7.1 --hash=sha256:e675bf04dc6c91f7c4d5540699b7a031f2b8b44cd2687b32c20892f112f7e0d9
quack-kernels==0.6.5 --hash=sha256:df1ddd31366c82eb9692fe087c671209189dcbde53c909c81a865d4ee66b158d
torch-c-dlpack-ext==0.1.5 --hash=sha256:3562ee411258676f9c38b8ad39306d1c8d027b6a86f6a87c920d2d009a9d1510
